
Microsoft Visual Studio Solution File, Format Version 12.00
# Visual Studio 2013
VisualStudioVersion = 12.0.21005.1
MinimumVisualStudioVersion = 10.0.40219.1
Project("{FAE04EC0-301F-11D3-BF4B-00C04F79EFBC}") = "NuCake", "src\NuCake\NuCake.csproj", "{974DB847-A4F1-46C1-B558-225E172597B5}"
EndProject
Project("{FAE04EC0-301F-11D3-BF4B-00C04F79EFBC}") = "SampleProject", "src\SampleProject\SampleProject.csproj", "{62F3265B-C39D-4DB9-B858-D4CB7E899365}"
EndProject
Project("{FAE04EC0-301F-11D3-BF4B-00C04F79EFBC}") = "NuCake.Tests", "src\NuCake.Tests\NuCake.Tests.csproj", "{BEB94C9A-961F-432E-8324-5B8D65CE978C}"
EndProject
Project("{FAE04EC0-301F-11D3-BF4B-00C04F79EFBC}") = "BuildNuCakePackage", "src\BuildNuCakePackage\BuildNuCakePackage.csproj", "{ECFFBAA7-2462-4072-A4DD-1FF3C2D6C027}"
EndProject
Project("{FAE04EC0-301F-11D3-BF4B-00C04F79EFBC}") = "SampleProject2", "src\SampleProject2\SampleProject2.csproj", "{569CDF9D-ADCB-449A-B6C9-26CA5A6895E3}"
EndProject
Global
	GlobalSection(SolutionConfigurationPlatforms) = preSolution
		Debug|Any CPU = Debug|Any CPU
		Release|Any CPU = Release|Any CPU
	EndGlobalSection
	GlobalSection(ProjectConfigurationPlatforms) = postSolution
		{974DB847-A4F1-46C1-B558-225E172597B5}.Debug|Any CPU.ActiveCfg = Debug|Any CPU
		{974DB847-A4F1-46C1-B558-225E172597B5}.Debug|Any CPU.Build.0 = Debug|Any CPU
		{974DB847-A4F1-46C1-B558-225E172597B5}.Release|Any CPU.ActiveCfg = Release|Any CPU
		{974DB847-A4F1-46C1-B558-225E172597B5}.Release|Any CPU.Build.0 = Release|Any CPU
		{62F3265B-C39D-4DB9-B858-D4CB7E899365}.Debug|Any CPU.ActiveCfg = Debug|Any CPU
		{62F3265B-C39D-4DB9-B858-D4CB7E899365}.Release|Any CPU.ActiveCfg = Release|Any CPU
		{BEB94C9A-961F-432E-8324-5B8D65CE978C}.Debug|Any CPU.ActiveCfg = Debug|Any CPU
		{BEB94C9A-961F-432E-8324-5B8D65CE978C}.Debug|Any CPU.Build.0 = Debug|Any CPU
		{BEB94C9A-961F-432E-8324-5B8D65CE978C}.Release|Any CPU.ActiveCfg = Release|Any CPU
		{BEB94C9A-961F-432E-8324-5B8D65CE978C}.Release|Any CPU.Build.0 = Release|Any CPU
		{ECFFBAA7-2462-4072-A4DD-1FF3C2D6C027}.Debug|Any CPU.ActiveCfg = Debug|Any CPU
		{ECFFBAA7-2462-4072-A4DD-1FF3C2D6C027}.Debug|Any CPU.Build.0 = Debug|Any CPU
		{ECFFBAA7-2462-4072-A4DD-1FF3C2D6C027}.Release|Any CPU.ActiveCfg = Release|Any CPU
		{ECFFBAA7-2462-4072-A4DD-1FF3C2D6C027}.Release|Any CPU.Build.0 = Release|Any CPU
		{569CDF9D-ADCB-449A-B6C9-26CA5A6895E3}.Debug|Any CPU.ActiveCfg = Debug|Any CPU
		{569CDF9D-ADCB-449A-B6C9-26CA5A6895E3}.Release|Any CPU.ActiveCfg = Release|Any CPU
		{569CDF9D-ADCB-449A-B6C9-26CA5A6895E3}.Release|Any CPU.Build.0 = Release|Any CPU
	EndGlobalSection
	GlobalSection(SolutionProperties) = preSolution
		HideSolutionNode = FALSE
	EndGlobalSection
EndGlobal
